
Microsoft Visual Studio Solution File, Format Version 12.00
# Visual Studio Version 17
VisualStudioVersion = 17.5.33424.131
MinimumVisualStudioVersion = 10.0.40219.1
Project("{FAE04EC0-301F-11D3-BF4B-00C04F79EFBC}") = "FoodSales", "FoodSales\FoodSales.csproj", "{54CCDD96-0DB8-465A-B848-A115898EECAE}"
EndProject
Project("{FAE04EC0-301F-11D3-BF4B-00C04F79EFBC}") = "BusinessLogicLayer", "BusinessLogicLayer\BusinessLogicLayer.csproj", "{3E02B905-106F-4489-BDCF-0C03A3362DA0}"
EndProject
Project("{FAE04EC0-301F-11D3-BF4B-00C04F79EFBC}") = "DataAccessLayer", "DataAccessLayer\DataAccessLayer.csproj", "{8A80963B-8A94-44CF-AC74-A13270300940}"
EndProject
Global
	GlobalSection(SolutionConfigurationPlatforms) = preSolution
		Debug|Any CPU = Debug|Any CPU
		Release|Any CPU = Release|Any CPU
	EndGlobalSection
	GlobalSection(ProjectConfigurationPlatforms) = postSolution
		{54CCDD96-0DB8-465A-B848-A115898EECAE}.Debug|Any CPU.ActiveCfg = Debug|Any CPU
		{54CCDD96-0DB8-465A-B848-A115898EECAE}.Debug|Any CPU.Build.0 = Debug|Any CPU
		{54CCDD96-0DB8-465A-B848-A115898EECAE}.Release|Any CPU.ActiveCfg = Release|Any CPU
		{54CCDD96-0DB8-465A-B848-A115898EECAE}.Release|Any CPU.Build.0 = Release|Any CPU
		{3E02B905-106F-4489-BDCF-0C03A3362DA0}.Debug|Any CPU.ActiveCfg = Debug|Any CPU
		{3E02B905-106F-4489-BDCF-0C03A3362DA0}.Debug|Any CPU.Build.0 = Debug|Any CPU
		{3E02B905-106F-4489-BDCF-0C03A3362DA0}.Release|Any CPU.ActiveCfg = Release|Any CPU
		{3E02B905-106F-4489-BDCF-0C03A3362DA0}.Release|Any CPU.Build.0 = Release|Any CPU
		{8A80963B-8A94-44CF-AC74-A13270300940}.Debug|Any CPU.ActiveCfg = Debug|Any CPU
		{8A80963B-8A94-44CF-AC74-A13270300940}.Debug|Any CPU.Build.0 = Debug|Any CPU
		{8A80963B-8A94-44CF-AC74-A13270300940}.Release|Any CPU.ActiveCfg = Release|Any CPU
		{8A80963B-8A94-44CF-AC74-A13270300940}.Release|Any CPU.Build.0 = Release|Any CPU
	EndGlobalSection
	GlobalSection(SolutionProperties) = preSolution
		HideSolutionNode = FALSE
	EndGlobalSection
	GlobalSection(ExtensibilityGlobals) = postSolution
		SolutionGuid = {1ECCB1F5-1DCC-44AA-AAEE-870A63B93E84}
	EndGlobalSection
EndGlobal
